
Microsoft Visual Studio Solution File, Format Version 12.00
# Visual Studio 15
VisualStudioVersion = 15.0.27703.2042
MinimumVisualStudioVersion = 10.0.40219.1
Project("{FAE04EC0-301F-11D3-BF4B-00C04F79EFBC}") = "GourmetGallery", "GourmetGallery\GourmetGallery.csproj", "{9E81446D-06C0-401B-87BD-08787EBE7CF7}"
EndProject
Project("{FAE04EC0-301F-11D3-BF4B-00C04F79EFBC}") = "GourmetGallery.Tests", "GourmetGallery.Tests\GourmetGallery.Tests.csproj", "{7F99E5A7-32CE-432C-B1C6-EE90DD5E7BF0}"
EndProject
Global
	GlobalSection(SolutionConfigurationPlatforms) = preSolution
		Debug|Any CPU = Debug|Any CPU
		Release|Any CPU = Release|Any CPU
	EndGlobalSection
	GlobalSection(ProjectConfigurationPlatforms) = postSolution
		{9E81446D-06C0-401B-87BD-08787EBE7CF7}.Debug|Any CPU.ActiveCfg = Debug|Any CPU
		{9E81446D-06C0-401B-87BD-08787EBE7CF7}.Debug|Any CPU.Build.0 = Debug|Any CPU
		{9E81446D-06C0-401B-87BD-08787EBE7CF7}.Release|Any CPU.ActiveCfg = Release|Any CPU
		{9E81446D-06C0-401B-87BD-08787EBE7CF7}.Release|Any CPU.Build.0 = Release|Any CPU
		{7F99E5A7-32CE-432C-B1C6-EE90DD5E7BF0}.Debug|Any CPU.ActiveCfg = Debug|Any CPU
		{7F99E5A7-32CE-432C-B1C6-EE90DD5E7BF0}.Debug|Any CPU.Build.0 = Debug|Any CPU
		{7F99E5A7-32CE-432C-B1C6-EE90DD5E7BF0}.Release|Any CPU.ActiveCfg = Release|Any CPU
		{7F99E5A7-32CE-432C-B1C6-EE90DD5E7BF0}.Release|Any CPU.Build.0 = Release|Any CPU
	EndGlobalSection
	GlobalSection(SolutionProperties) = preSolution
		HideSolutionNode = FALSE
	EndGlobalSection
	GlobalSection(ExtensibilityGlobals) = postSolution
		SolutionGuid = {F9DA058C-77DE-4E6B-9B2F-E136BC57B3BE}
	EndGlobalSection
EndGlobal
